// !$*UTF8*$!
{
	archiveVersion = 1;
	classes = {
	};
	objectVersion = 70;
	objects = {

/* Begin PBXBuildFile section */
		1C739B54928745D5BA0AC47B /* VNCFramebuffer.swift in Sources */ = {isa = PBXBuildFile; fileRef = 6B5049E7D9E74FF1960B4678 /* VNCFramebuffer.swift */; };
		371779A7BF8C466B9DACA3E6 /* PaneDetector.swift in Sources */ = {isa = PBXBuildFile; fileRef = E1A56B5DCA8B48BDBB922AFD /* PaneDetector.swift */; };
		4A5AB5D82FF488830077747D /* CLI+FindCard.swift in Sources */ = {isa = PBXBuildFile; fileRef = 4A5AB5D72FF488830077747D /* CLI+FindCard.swift */; };
		4AA604442FEF5726005B1D09 /* SceneDefinition.swift in Sources */ = {isa = PBXBuildFile; fileRef = 4AA604432FEF5726005B1D09 /* SceneDefinition.swift */; };
		4AA604462FEF5734005B1D09 /* SceneRegistry.swift in Sources */ = {isa = PBXBuildFile; fileRef = 4AA604452FEF5734005B1D09 /* SceneRegistry.swift */; };
		4AA6054B2FEF62FF005B1D09 /* CLI.swift in Sources */ = {isa = PBXBuildFile; fileRef = 4AA6054A2FEF62FF005B1D09 /* CLI.swift */; };
		4AA6054D2FEF63DC005B1D09 /* ImageScaling.swift in Sources */ = {isa = PBXBuildFile; fileRef = 4AA6054C2FEF63DC005B1D09 /* ImageScaling.swift */; };
		4AA605552FEF7EAB005B1D09 /* Server.swift in Sources */ = {isa = PBXBuildFile; fileRef = 4AA605542FEF7EAB005B1D09 /* Server.swift */; };
		A1 /* VisionControlScannerApp.swift in Sources */ = {isa = PBXBuildFile; fileRef = F1 /* VisionControlScannerApp.swift */; };
		A2 /* ContentView.swift in Sources */ = {isa = PBXBuildFile; fileRef = F2 /* ContentView.swift */; };
		A3 /* Models.swift in Sources */ = {isa = PBXBuildFile; fileRef = F3 /* Models.swift */; };
		A4 /* Utilities.swift in Sources */ = {isa = PBXBuildFile; fileRef = F4 /* Utilities.swift */; };
		A5 /* VisionControlDetector.swift in Sources */ = {isa = PBXBuildFile; fileRef = F5 /* VisionControlDetector.swift */; };
		A6 /* Assets.xcassets in Resources */ = {isa = PBXBuildFile; fileRef = F6 /* Assets.xcassets */; };
/* End PBXBuildFile section */

/* Begin PBXCopyFilesBuildPhase section */
		4AA6055A2FEF8834005B1D09 /* CopyFiles */ = {
			isa = PBXCopyFilesBuildPhase;
			buildActionMask = 2147483647;
			dstPath = /usr/share/man/man1/;
			dstSubfolderSpec = 0;
			files = (
			);
			runOnlyForDeploymentPostprocessing = 1;
		};
/* End PBXCopyFilesBuildPhase section */

/* Begin PBXFileReference section */
		4A5AB5D72FF488830077747D /* CLI+FindCard.swift */ = {isa = PBXFileReference; lastKnownFileType = sourcecode.swift; path = "CLI+FindCard.swift"; sourceTree = "<group>"; };
		E1A56B5DCA8B48BDBB922AFD /* PaneDetector.swift */ = {isa = PBXFileReference; lastKnownFileType = sourcecode.swift; path = PaneDetector.swift; sourceTree = "<group>"; };
		6B5049E7D9E74FF1960B4678 /* VNCFramebuffer.swift */ = {isa = PBXFileReference; lastKnownFileType = sourcecode.swift; path = VNCFramebuffer.swift; sourceTree = "<group>"; };
		4AA604432FEF5726005B1D09 /* SceneDefinition.swift */ = {isa = PBXFileReference; lastKnownFileType = sourcecode.swift; path = SceneDefinition.swift; sourceTree = "<group>"; };
		4AA604452FEF5734005B1D09 /* SceneRegistry.swift */ = {isa = PBXFileReference; lastKnownFileType = sourcecode.swift; path = SceneRegistry.swift; sourceTree = "<group>"; };
		4AA6054A2FEF62FF005B1D09 /* CLI.swift */ = {isa = PBXFileReference; lastKnownFileType = sourcecode.swift; path = CLI.swift; sourceTree = "<group>"; };
		4AA6054C2FEF63DC005B1D09 /* ImageScaling.swift */ = {isa = PBXFileReference; lastKnownFileType = sourcecode.swift; path = ImageScaling.swift; sourceTree = "<group>"; };
		4AA605542FEF7EAB005B1D09 /* Server.swift */ = {isa = PBXFileReference; lastKnownFileType = sourcecode.swift; path = Server.swift; sourceTree = "<group>"; };
		4AA6055C2FEF8834005B1D09 /* vcs */ = {isa = PBXFileReference; explicitFileType = "compiled.mach-o.executable"; includeInIndex = 0; path = vcs; sourceTree = BUILT_PRODUCTS_DIR; };
		F1 /* VisionControlScannerApp.swift */ = {isa = PBXFileReference; lastKnownFileType = sourcecode.swift; path = VisionControlScannerApp.swift; sourceTree = "<group>"; };
		F2 /* ContentView.swift */ = {isa = PBXFileReference; lastKnownFileType = sourcecode.swift; path = ContentView.swift; sourceTree = "<group>"; };
		F3 /* Models.swift */ = {isa = PBXFileReference; lastKnownFileType = sourcecode.swift; path = Models.swift; sourceTree = "<group>"; };
		F4 /* Utilities.swift */ = {isa = PBXFileReference; lastKnownFileType = sourcecode.swift; path = Utilities.swift; sourceTree = "<group>"; };
		F5 /* VisionControlDetector.swift */ = {isa = PBXFileReference; lastKnownFileType = sourcecode.swift; path = VisionControlDetector.swift; sourceTree = "<group>"; };
		F6 /* Assets.xcassets */ = {isa = PBXFileReference; lastKnownFileType = folder.assetcatalog; path = Assets.xcassets; sourceTree = "<group>"; };
		P1 /* VisionControlScannerApp.app */ = {isa = PBXFileReference; explicitFileType = wrapper.application; path = VisionControlScannerApp.app; sourceTree = BUILT_PRODUCTS_DIR; };
/* End PBXFileReference section */

/* Begin PBXFileSystemSynchronizedRootGroup section */
		4AA6055D2FEF8834005B1D09 /* vcs */ = {isa = PBXFileSystemSynchronizedRootGroup; explicitFileTypes = {}; explicitFolders = (); path = vcs; sourceTree = "<group>"; };
		4AA6056B2FF32859005B1D09 /* Scenes */ = {isa = PBXFileSystemSynchronizedRootGroup; explicitFileTypes = {}; explicitFolders = (); path = Scenes; sourceTree = "<group>"; };
/* End PBXFileSystemSynchronizedRootGroup section */

/* Begin PBXFrameworksBuildPhase section */
		4AA605592FEF8834005B1D09 /* Frameworks */ = {
			isa = PBXFrameworksBuildPhase;
			buildActionMask = 2147483647;
			files = (
			);
			runOnlyForDeploymentPostprocessing = 0;
		};
		FW /* Frameworks */ = {
			isa = PBXFrameworksBuildPhase;
			buildActionMask = 2147483647;
			files = (
			);
			runOnlyForDeploymentPostprocessing = 0;
		};
/* End PBXFrameworksBuildPhase section */

/* Begin PBXGroup section */
		G0 = {
			isa = PBXGroup;
			children = (
				G1 /* VisionControlScannerApp */,
				4AA6055D2FEF8834005B1D09 /* vcs */,
				G2 /* Products */,
			);
			sourceTree = "<group>";
		};
		G1 /* VisionControlScannerApp */ = {
			isa = PBXGroup;
			children = (
				4A5AB5D72FF488830077747D /* CLI+FindCard.swift */,
				E1A56B5DCA8B48BDBB922AFD /* PaneDetector.swift */,
				6B5049E7D9E74FF1960B4678 /* VNCFramebuffer.swift */,
				4AA6056B2FF32859005B1D09 /* Scenes */,
				4AA604432FEF5726005B1D09 /* SceneDefinition.swift */,
				4AA604452FEF5734005B1D09 /* SceneRegistry.swift */,
				F1 /* VisionControlScannerApp.swift */,
				4AA6054C2FEF63DC005B1D09 /* ImageScaling.swift */,
				F2 /* ContentView.swift */,
				F3 /* Models.swift */,
				F4 /* Utilities.swift */,
				F5 /* VisionControlDetector.swift */,
				4AA605542FEF7EAB005B1D09 /* Server.swift */,
				4AA6054A2FEF62FF005B1D09 /* CLI.swift */,
				F6 /* Assets.xcassets */,
			);
			path = VisionControlScannerApp;
			sourceTree = "<group>";
		};
		G2 /* Products */ = {
			isa = PBXGroup;
			children = (
				P1 /* VisionControlScannerApp.app */,
				4AA6055C2FEF8834005B1D09 /* vcs */,
			);
			name = Products;
			sourceTree = "<group>";
		};
/* End PBXGroup section */

/* Begin PBXNativeTarget section */
		4AA6055B2FEF8834005B1D09 /* vcs */ = {
			isa = PBXNativeTarget;
			buildConfigurationList = 4AA605602FEF8834005B1D09 /* Build configuration list for PBXNativeTarget "vcs" */;
			buildPhases = (
				4AA605582FEF8834005B1D09 /* Sources */,
				4AA605592FEF8834005B1D09 /* Frameworks */,
				4AA6055A2FEF8834005B1D09 /* CopyFiles */,
			);
			buildRules = (
			);
			dependencies = (
			);
			fileSystemSynchronizedGroups = (
				4AA6055D2FEF8834005B1D09 /* vcs */,
			);
			name = vcs;
			packageProductDependencies = (
			);
			productName = vcs;
			productReference = 4AA6055C2FEF8834005B1D09 /* vcs */;
			productType = "com.apple.product-type.tool";
		};
		T0 /* VisionControlScannerApp */ = {
			isa = PBXNativeTarget;
			buildConfigurationList = CL1 /* Build configuration list for PBXNativeTarget "VisionControlScannerApp" */;
			buildPhases = (
				S0 /* Sources */,
				FW /* Frameworks */,
				R0 /* Resources */,
			);
			buildRules = (
			);
			dependencies = (
			);
			fileSystemSynchronizedGroups = (
				4AA6056B2FF32859005B1D09 /* Scenes */,
			);
			name = VisionControlScannerApp;
			productName = VisionControlScannerApp;
			productReference = P1 /* VisionControlScannerApp.app */;
			productType = "com.apple.product-type.application";
		};
/* End PBXNativeTarget section */

/* Begin PBXProject section */
		PR /* Project object */ = {
			isa = PBXProject;
			attributes = {
				BuildIndependentTargetsInParallel = 1;
				LastSwiftUpdateCheck = 2650;
				LastUpgradeCheck = 1600;
				TargetAttributes = {
					4AA6055B2FEF8834005B1D09 = {
						CreatedOnToolsVersion = 26.5;
					};
					T0 = {
						CreatedOnToolsVersion = 16.0;
					};
				};
			};
			buildConfigurationList = CL2 /* Build configuration list for PBXProject "VisionControlScannerApp" */;
			compatibilityVersion = "Xcode 15.0";
			developmentRegion = en;
			hasScannedForEncodings = 0;
			knownRegions = (
				en,
				Base,
			);
			mainGroup = G0;
			productRefGroup = G2 /* Products */;
			projectDirPath = "";
			projectRoot = "";
			targets = (
				T0 /* VisionControlScannerApp */,
				4AA6055B2FEF8834005B1D09 /* vcs */,
			);
		};
/* End PBXProject section */

/* Begin PBXResourcesBuildPhase section */
		R0 /* Resources */ = {
			isa = PBXResourcesBuildPhase;
			buildActionMask = 2147483647;
			files = (
				A6 /* Assets.xcassets in Resources */,
			);
			runOnlyForDeploymentPostprocessing = 0;
		};
/* End PBXResourcesBuildPhase section */

/* Begin PBXSourcesBuildPhase section */
		4AA605582FEF8834005B1D09 /* Sources */ = {
			isa = PBXSourcesBuildPhase;
			buildActionMask = 2147483647;
			files = (
			);
			runOnlyForDeploymentPostprocessing = 0;
		};
		S0 /* Sources */ = {
			isa = PBXSourcesBuildPhase;
			buildActionMask = 2147483647;
			files = (
				4AA6054B2FEF62FF005B1D09 /* CLI.swift in Sources */,
				4AA605552FEF7EAB005B1D09 /* Server.swift in Sources */,
				4AA6054D2FEF63DC005B1D09 /* ImageScaling.swift in Sources */,
				A1 /* VisionControlScannerApp.swift in Sources */,
				A2 /* ContentView.swift in Sources */,
				4AA604442FEF5726005B1D09 /* SceneDefinition.swift in Sources */,
				A3 /* Models.swift in Sources */,
				4AA604462FEF5734005B1D09 /* SceneRegistry.swift in Sources */,
				A4 /* Utilities.swift in Sources */,
				4A5AB5D82FF488830077747D /* CLI+FindCard.swift in Sources */,
				371779A7BF8C466B9DACA3E6 /* PaneDetector.swift in Sources */,
				1C739B54928745D5BA0AC47B /* VNCFramebuffer.swift in Sources */,
				A5 /* VisionControlDetector.swift in Sources */,
			);
			runOnlyForDeploymentPostprocessing = 0;
		};
/* End PBXSourcesBuildPhase section */

/* Begin XCBuildConfiguration section */
		4AA605612FEF8834005B1D09 /* Debug */ = {
			isa = XCBuildConfiguration;
			buildSettings = {
				ALWAYS_SEARCH_USER_PATHS = NO;
				ASSETCATALOG_COMPILER_GENERATE_SWIFT_ASSET_SYMBOL_EXTENSIONS = YES;
				CLANG_ANALYZER_NONNULL = YES;
				CLANG_ANALYZER_NUMBER_OBJECT_CONVERSION = YES_AGGRESSIVE;
				CLANG_CXX_LANGUAGE_STANDARD = "gnu++20";
				CLANG_ENABLE_OBJC_ARC = YES;
				CLANG_ENABLE_OBJC_WEAK = YES;
				CLANG_WARN_BLOCK_CAPTURE_AUTORELEASING = YES;
				CLANG_WARN_BOOL_CONVERSION = YES;
				CLANG_WARN_COMMA = YES;
				CLANG_WARN_CONSTANT_CONVERSION = YES;
				CLANG_WARN_DEPRECATED_OBJC_IMPLEMENTATIONS = YES;
				CLANG_WARN_DIRECT_OBJC_ISA_USAGE = YES_ERROR;
				CLANG_WARN_DOCUMENTATION_COMMENTS = YES;
				CLANG_WARN_EMPTY_BODY = YES;
				CLANG_WARN_ENUM_CONVERSION = YES;
				CLANG_WARN_INFINITE_RECURSION = YES;
				CLANG_WARN_INT_CONVERSION = YES;
				CLANG_WARN_NON_LITERAL_NULL_CONVERSION = YES;
				CLANG_WARN_OBJC_IMPLICIT_RETAIN_SELF = YES;
				CLANG_WARN_OBJC_LITERAL_CONVERSION = YES;
				CLANG_WARN_OBJC_ROOT_CLASS = YES_ERROR;
				CLANG_WARN_QUOTED_INCLUDE_IN_FRAMEWORK_HEADER = YES;
				CLANG_WARN_RANGE_LOOP_ANALYSIS = YES;
				CLANG_WARN_STRICT_PROTOTYPES = YES;
				CLANG_WARN_SUSPICIOUS_MOVE = YES;
				CLANG_WARN_UNGUARDED_AVAILABILITY = YES_AGGRESSIVE;
				CLANG_WARN_UNREACHABLE_CODE = YES;
				CLANG_WARN__DUPLICATE_METHOD_MATCH = YES;
				"CODE_SIGN_IDENTITY[sdk=macosx*]" = "Developer ID Application";
				CODE_SIGN_STYLE = Manual;
				COPY_PHASE_STRIP = NO;
				DEBUG_INFORMATION_FORMAT = dwarf;
				DEVELOPMENT_TEAM = "";
				"DEVELOPMENT_TEAM[sdk=macosx*]" = GQFYVM6VFN;
				ENABLE_HARDENED_RUNTIME = YES;
				ENABLE_STRICT_OBJC_MSGSEND = YES;
				ENABLE_TESTABILITY = YES;
				ENABLE_USER_SCRIPT_SANDBOXING = YES;
				GCC_C_LANGUAGE_STANDARD = gnu17;
				GCC_DYNAMIC_NO_PIC = NO;
				GCC_NO_COMMON_BLOCKS = YES;
				GCC_OPTIMIZATION_LEVEL = 0;
				GCC_PREPROCESSOR_DEFINITIONS = (
					"DEBUG=1",
					"$(inherited)",
				);
				GCC_WARN_64_TO_32_BIT_CONVERSION = YES;
				GCC_WARN_ABOUT_RETURN_TYPE = YES_ERROR;
				GCC_WARN_UNDECLARED_SELECTOR = YES;
				GCC_WARN_UNINITIALIZED_AUTOS = YES_AGGRESSIVE;
				GCC_WARN_UNUSED_FUNCTION = YES;
				GCC_WARN_UNUSED_VARIABLE = YES;
				LOCALIZATION_PREFERS_STRING_CATALOGS = YES;
				MACOSX_DEPLOYMENT_TARGET = 26.0;
				MTL_ENABLE_DEBUG_INFO = INCLUDE_SOURCE;
				MTL_FAST_MATH = YES;
				ONLY_ACTIVE_ARCH = YES;
				PRODUCT_BUNDLE_IDENTIFIER = com.avarn15.vcs;
				PRODUCT_NAME = "$(TARGET_NAME)";
				PROVISIONING_PROFILE_SPECIFIER = "";
				SWIFT_ACTIVE_COMPILATION_CONDITIONS = "DEBUG $(inherited)";
				SWIFT_APPROACHABLE_CONCURRENCY = YES;
				SWIFT_OPTIMIZATION_LEVEL = "-Onone";
				SWIFT_UPCOMING_FEATURE_MEMBER_IMPORT_VISIBILITY = YES;
				SWIFT_VERSION = 5.0;
			};
			name = Debug;
		};
		4AA605622FEF8834005B1D09 /* Release */ = {
			isa = XCBuildConfiguration;
			buildSettings = {
				ALWAYS_SEARCH_USER_PATHS = NO;
				ASSETCATALOG_COMPILER_GENERATE_SWIFT_ASSET_SYMBOL_EXTENSIONS = YES;
				CLANG_ANALYZER_NONNULL = YES;
				CLANG_ANALYZER_NUMBER_OBJECT_CONVERSION = YES_AGGRESSIVE;
				CLANG_CXX_LANGUAGE_STANDARD = "gnu++20";
				CLANG_ENABLE_OBJC_ARC = YES;
				CLANG_ENABLE_OBJC_WEAK = YES;
				CLANG_WARN_BLOCK_CAPTURE_AUTORELEASING = YES;
				CLANG_WARN_BOOL_CONVERSION = YES;
				CLANG_WARN_COMMA = YES;
				CLANG_WARN_CONSTANT_CONVERSION = YES;
				CLANG_WARN_DEPRECATED_OBJC_IMPLEMENTATIONS = YES;
				CLANG_WARN_DIRECT_OBJC_ISA_USAGE = YES_ERROR;
				CLANG_WARN_DOCUMENTATION_COMMENTS = YES;
				CLANG_WARN_EMPTY_BODY = YES;
				CLANG_WARN_ENUM_CONVERSION = YES;
				CLANG_WARN_INFINITE_RECURSION = YES;
				CLANG_WARN_INT_CONVERSION = YES;
				CLANG_WARN_NON_LITERAL_NULL_CONVERSION = YES;
				CLANG_WARN_OBJC_IMPLICIT_RETAIN_SELF = YES;
				CLANG_WARN_OBJC_LITERAL_CONVERSION = YES;
				CLANG_WARN_OBJC_ROOT_CLASS = YES_ERROR;
				CLANG_WARN_QUOTED_INCLUDE_IN_FRAMEWORK_HEADER = YES;
				CLANG_WARN_RANGE_LOOP_ANALYSIS = YES;
				CLANG_WARN_STRICT_PROTOTYPES = YES;
				CLANG_WARN_SUSPICIOUS_MOVE = YES;
				CLANG_WARN_UNGUARDED_AVAILABILITY = YES_AGGRESSIVE;
				CLANG_WARN_UNREACHABLE_CODE = YES;
				CLANG_WARN__DUPLICATE_METHOD_MATCH = YES;
				"CODE_SIGN_IDENTITY[sdk=macosx*]" = "Developer ID Application";
				CODE_SIGN_STYLE = Manual;
				COPY_PHASE_STRIP = NO;
				DEBUG_INFORMATION_FORMAT = "dwarf-with-dsym";
				DEVELOPMENT_TEAM = "";
				"DEVELOPMENT_TEAM[sdk=macosx*]" = GQFYVM6VFN;
				ENABLE_HARDENED_RUNTIME = YES;
				ENABLE_NS_ASSERTIONS = NO;
				ENABLE_STRICT_OBJC_MSGSEND = YES;
				ENABLE_USER_SCRIPT_SANDBOXING = YES;
				GCC_C_LANGUAGE_STANDARD = gnu17;
				GCC_NO_COMMON_BLOCKS = YES;
				GCC_WARN_64_TO_32_BIT_CONVERSION = YES;
				GCC_WARN_ABOUT_RETURN_TYPE = YES_ERROR;
				GCC_WARN_UNDECLARED_SELECTOR = YES;
				GCC_WARN_UNINITIALIZED_AUTOS = YES_AGGRESSIVE;
				GCC_WARN_UNUSED_FUNCTION = YES;
				GCC_WARN_UNUSED_VARIABLE = YES;
				LOCALIZATION_PREFERS_STRING_CATALOGS = YES;
				MACOSX_DEPLOYMENT_TARGET = 26.0;
				MTL_ENABLE_DEBUG_INFO = NO;
				MTL_FAST_MATH = YES;
				PRODUCT_BUNDLE_IDENTIFIER = com.avarn15.vcs;
				PRODUCT_NAME = "$(TARGET_NAME)";
				PROVISIONING_PROFILE_SPECIFIER = "";
				SWIFT_APPROACHABLE_CONCURRENCY = YES;
				SWIFT_COMPILATION_MODE = wholemodule;
				SWIFT_UPCOMING_FEATURE_MEMBER_IMPORT_VISIBILITY = YES;
				SWIFT_VERSION = 5.0;
			};
			name = Release;
		};
		C1 /* Debug */ = {
			isa = XCBuildConfiguration;
			buildSettings = {
				ASSETCATALOG_COMPILER_APPICON_NAME = AppIcon;
				CLANG_ENABLE_MODULES = YES;
				CODE_SIGN_STYLE = Automatic;
				CURRENT_PROJECT_VERSION = 1;
				GENERATE_INFOPLIST_FILE = YES;
				INFOPLIST_KEY_CFBundleDisplayName = VisionControlScannerApp;
				INFOPLIST_KEY_LSApplicationCategoryType = "public.app-category.developer-tools";
				LD_RUNPATH_SEARCH_PATHS = (
					"$(inherited)",
					"@executable_path/../Frameworks",
				);
				MACOSX_DEPLOYMENT_TARGET = 26.0;
				MARKETING_VERSION = 1.0;
				PRODUCT_BUNDLE_IDENTIFIER = com.local.VisionControlScannerSceneGrammarClean;
				PRODUCT_NAME = "$(TARGET_NAME)";
				SDKROOT = macosx;
				SWIFT_EMIT_LOC_STRINGS = YES;
				SWIFT_VERSION = 5.0;
			};
			name = Debug;
		};
		C2 /* Release */ = {
			isa = XCBuildConfiguration;
			buildSettings = {
				ASSETCATALOG_COMPILER_APPICON_NAME = AppIcon;
				CLANG_ENABLE_MODULES = YES;
				CODE_SIGN_STYLE = Automatic;
				CURRENT_PROJECT_VERSION = 1;
				GENERATE_INFOPLIST_FILE = YES;
				INFOPLIST_KEY_CFBundleDisplayName = VisionControlScannerApp;
				INFOPLIST_KEY_LSApplicationCategoryType = "public.app-category.developer-tools";
				LD_RUNPATH_SEARCH_PATHS = (
					"$(inherited)",
					"@executable_path/../Frameworks",
				);
				MACOSX_DEPLOYMENT_TARGET = 26.0;
				MARKETING_VERSION = 1.0;
				PRODUCT_BUNDLE_IDENTIFIER = com.local.VisionControlScannerSceneGrammarClean;
				PRODUCT_NAME = "$(TARGET_NAME)";
				SDKROOT = macosx;
				SWIFT_EMIT_LOC_STRINGS = YES;
				SWIFT_VERSION = 5.0;
			};
			name = Release;
		};
		C3 /* Debug */ = {
			isa = XCBuildConfiguration;
			buildSettings = {
				CLANG_ENABLE_MODULES = YES;
				MACOSX_DEPLOYMENT_TARGET = 13.0;
				SDKROOT = macosx;
				SWIFT_VERSION = 5.0;
			};
			name = Debug;
		};
		C4 /* Release */ = {
			isa = XCBuildConfiguration;
			buildSettings = {
				CLANG_ENABLE_MODULES = YES;
				MACOSX_DEPLOYMENT_TARGET = 13.0;
				SDKROOT = macosx;
				SWIFT_VERSION = 5.0;
			};
			name = Release;
		};
/* End XCBuildConfiguration section */

/* Begin XCConfigurationList section */
		4AA605602FEF8834005B1D09 /* Build configuration list for PBXNativeTarget "vcs" */ = {
			isa = XCConfigurationList;
			buildConfigurations = (
				4AA605612FEF8834005B1D09 /* Debug */,
				4AA605622FEF8834005B1D09 /* Release */,
			);
			defaultConfigurationIsVisible = 0;
			defaultConfigurationName = Release;
		};
		CL1 /* Build configuration list for PBXNativeTarget "VisionControlScannerApp" */ = {
			isa = XCConfigurationList;
			buildConfigurations = (
				C1 /* Debug */,
				C2 /* Release */,
			);
			defaultConfigurationIsVisible = 0;
			defaultConfigurationName = Release;
		};
		CL2 /* Build configuration list for PBXProject "VisionControlScannerApp" */ = {
			isa = XCConfigurationList;
			buildConfigurations = (
				C3 /* Debug */,
				C4 /* Release */,
			);
			defaultConfigurationIsVisible = 0;
			defaultConfigurationName = Release;
		};
/* End XCConfigurationList section */
	};
	rootObject = PR /* Project object */;
}
